// !$*UTF8*$!
{
	archiveVersion = 1;
	classes = {
	};
	objectVersion = 55;
	objects = {

/* Begin PBXBuildFile section */
		AA1045F328BB2BA200DF5074 /* Media.xcassets in Resources */ = {isa = PBXBuildFile; fileRef = AA1045F228BB2BA200DF5074 /* Media.xcassets */; };
		AA1045FA28BB33D700DF5074 /* SettingTableViewCell.swift in Sources */ = {isa = PBXBuildFile; fileRef = AA1045F828BB33D700DF5074 /* SettingTableViewCell.swift */; };
		AA1045FB28BB33D700DF5074 /* SettingTableViewCell.xib in Resources */ = {isa = PBXBuildFile; fileRef = AA1045F928BB33D700DF5074 /* SettingTableViewCell.xib */; };
		AA653CCA28B9927E0067BD51 /* AppDelegate.swift in Sources */ = {isa = PBXBuildFile; fileRef = AA653CC928B9927E0067BD51 /* AppDelegate.swift */; };
		AA653CCC28B9927E0067BD51 /* SceneDelegate.swift in Sources */ = {isa = PBXBuildFile; fileRef = AA653CCB28B9927E0067BD51 /* SceneDelegate.swift */; };
		AA653CD128B9927E0067BD51 /* Main.storyboard in Resources */ = {isa = PBXBuildFile; fileRef = AA653CCF28B9927E0067BD51 /* Main.storyboard */; };
		AA653CD628B992810067BD51 /* LaunchScreen.storyboard in Resources */ = {isa = PBXBuildFile; fileRef = AA653CD428B992810067BD51 /* LaunchScreen.storyboard */; };
		AA653CDE28B996B40067BD51 /* PageViewController.swift in Sources */ = {isa = PBXBuildFile; fileRef = AA653CDD28B996B40067BD51 /* PageViewController.swift */; };
		AA653CE028B9A3A90067BD51 /* SpaceRocketInfoViewController.swift in Sources */ = {isa = PBXBuildFile; fileRef = AA653CDF28B9A3A90067BD51 /* SpaceRocketInfoViewController.swift */; };
		AA653CE528B9A4F20067BD51 /* NetworkManagerRockets.swift in Sources */ = {isa = PBXBuildFile; fileRef = AA653CE428B9A4F20067BD51 /* NetworkManagerRockets.swift */; };
		AA653CE728B9A8F80067BD51 /* Rockets.swift in Sources */ = {isa = PBXBuildFile; fileRef = AA653CE628B9A8F80067BD51 /* Rockets.swift */; };
		AA700D2628BB18AC00AAAD1A /* SettingViewController.swift in Sources */ = {isa = PBXBuildFile; fileRef = AA700D2528BB18AC00AAAD1A /* SettingViewController.swift */; };
		AA700D2828BB1ED000AAAD1A /* ScaleOfNotation.swift in Sources */ = {isa = PBXBuildFile; fileRef = AA700D2728BB1ED000AAAD1A /* ScaleOfNotation.swift */; };
		AA7AF9B028BCD99200C982D5 /* Launches.swift in Sources */ = {isa = PBXBuildFile; fileRef = AA7AF9AF28BCD99200C982D5 /* Launches.swift */; };
		AA7AF9B228BCDEF900C982D5 /* NetworkManagerLaunches.swift in Sources */ = {isa = PBXBuildFile; fileRef = AA7AF9B128BCDEF900C982D5 /* NetworkManagerLaunches.swift */; };
/* End PBXBuildFile section */

/* Begin PBXFileReference section */
		AA1045F228BB2BA200DF5074 /* Media.xcassets */ = {isa = PBXFileReference; lastKnownFileType = folder.assetcatalog; path = Media.xcassets; sourceTree = "<group>"; };
		AA1045F828BB33D700DF5074 /* SettingTableViewCell.swift */ = {isa = PBXFileReference; lastKnownFileType = sourcecode.swift; path = SettingTableViewCell.swift; sourceTree = "<group>"; };
		AA1045F928BB33D700DF5074 /* SettingTableViewCell.xib */ = {isa = PBXFileReference; lastKnownFileType = file.xib; path = SettingTableViewCell.xib; sourceTree = "<group>"; };
		AA653CC628B9927E0067BD51 /* SpaceX-info.app */ = {isa = PBXFileReference; explicitFileType = wrapper.application; includeInIndex = 0; path = "SpaceX-info.app"; sourceTree = BUILT_PRODUCTS_DIR; };
		AA653CC928B9927E0067BD51 /* AppDelegate.swift */ = {isa = PBXFileReference; lastKnownFileType = sourcecode.swift; path = AppDelegate.swift; sourceTree = "<group>"; };
		AA653CCB28B9927E0067BD51 /* SceneDelegate.swift */ = {isa = PBXFileReference; lastKnownFileType = sourcecode.swift; path = SceneDelegate.swift; sourceTree = "<group>"; };
		AA653CD028B9927E0067BD51 /* Base */ = {isa = PBXFileReference; lastKnownFileType = file.storyboard; name = Base; path = Base.lproj/Main.storyboard; sourceTree = "<group>"; };
		AA653CD528B992810067BD51 /* Base */ = {isa = PBXFileReference; lastKnownFileType = file.storyboard; name = Base; path = Base.lproj/LaunchScreen.storyboard; sourceTree = "<group>"; };
		AA653CD728B992810067BD51 /* Info.plist */ = {isa = PBXFileReference; lastKnownFileType = text.plist.xml; path = Info.plist; sourceTree = "<group>"; };
		AA653CDD28B996B40067BD51 /* PageViewController.swift */ = {isa = PBXFileReference; lastKnownFileType = sourcecode.swift; path = PageViewController.swift; sourceTree = "<group>"; };
		AA653CDF28B9A3A90067BD51 /* SpaceRocketInfoViewController.swift */ = {isa = PBXFileReference; lastKnownFileType = sourcecode.swift; path = SpaceRocketInfoViewController.swift; sourceTree = "<group>"; };
		AA653CE428B9A4F20067BD51 /* NetworkManagerRockets.swift */ = {isa = PBXFileReference; lastKnownFileType = sourcecode.swift; path = NetworkManagerRockets.swift; sourceTree = "<group>"; };
		AA653CE628B9A8F80067BD51 /* Rockets.swift */ = {isa = PBXFileReference; lastKnownFileType = sourcecode.swift; path = Rockets.swift; sourceTree = "<group>"; };
		AA700D2528BB18AC00AAAD1A /* SettingViewController.swift */ = {isa = PBXFileReference; lastKnownFileType = sourcecode.swift; path = SettingViewController.swift; sourceTree = "<group>"; };
		AA700D2728BB1ED000AAAD1A /* ScaleOfNotation.swift */ = {isa = PBXFileReference; lastKnownFileType = sourcecode.swift; path = ScaleOfNotation.swift; sourceTree = "<group>"; };
		AA7AF9AF28BCD99200C982D5 /* Launches.swift */ = {isa = PBXFileReference; lastKnownFileType = sourcecode.swift; path = Launches.swift; sourceTree = "<group>"; };
		AA7AF9B128BCDEF900C982D5 /* NetworkManagerLaunches.swift */ = {isa = PBXFileReference; lastKnownFileType = sourcecode.swift; path = NetworkManagerLaunches.swift; sourceTree = "<group>"; };
/* End PBXFileReference section */

/* Begin PBXFrameworksBuildPhase section */
		AA653CC328B9927E0067BD51 /* Frameworks */ = {
			isa = PBXFrameworksBuildPhase;
			buildActionMask = 2147483647;
			files = (
			);
			runOnlyForDeploymentPostprocessing = 0;
		};
/* End PBXFrameworksBuildPhase section */

/* Begin PBXGroup section */
		AA653CBD28B9927E0067BD51 = {
			isa = PBXGroup;
			children = (
				AA653CC828B9927E0067BD51 /* SpaceX-info */,
				AA653CC728B9927E0067BD51 /* Products */,
			);
			sourceTree = "<group>";
		};
		AA653CC728B9927E0067BD51 /* Products */ = {
			isa = PBXGroup;
			children = (
				AA653CC628B9927E0067BD51 /* SpaceX-info.app */,
			);
			name = Products;
			sourceTree = "<group>";
		};
		AA653CC828B9927E0067BD51 /* SpaceX-info */ = {
			isa = PBXGroup;
			children = (
				AA653CC928B9927E0067BD51 /* AppDelegate.swift */,
				AA653CCB28B9927E0067BD51 /* SceneDelegate.swift */,
				AA653CD428B992810067BD51 /* LaunchScreen.storyboard */,
				AA1045F228BB2BA200DF5074 /* Media.xcassets */,
				AA653CD728B992810067BD51 /* Info.plist */,
				AA653CE328B9A3E10067BD51 /* Controllers */,
				AA653CE228B9A3D50067BD51 /* Views */,
				AA653CE128B9A3CD0067BD51 /* Models */,
			);
			path = "SpaceX-info";
			sourceTree = "<group>";
		};
		AA653CE128B9A3CD0067BD51 /* Models */ = {
			isa = PBXGroup;
			children = (
				AA653CE428B9A4F20067BD51 /* NetworkManagerRockets.swift */,
				AA653CE628B9A8F80067BD51 /* Rockets.swift */,
				AA7AF9B128BCDEF900C982D5 /* NetworkManagerLaunches.swift */,
				AA7AF9AF28BCD99200C982D5 /* Launches.swift */,
				AA700D2728BB1ED000AAAD1A /* ScaleOfNotation.swift */,
			);
			path = Models;
			sourceTree = "<group>";
		};
		AA653CE228B9A3D50067BD51 /* Views */ = {
			isa = PBXGroup;
			children = (
				AA653CCF28B9927E0067BD51 /* Main.storyboard */,
				AA1045F928BB33D700DF5074 /* SettingTableViewCell.xib */,
			);
			path = Views;
			sourceTree = "<group>";
		};
		AA653CE328B9A3E10067BD51 /* Controllers */ = {
			isa = PBXGroup;
			children = (
				AA653CDF28B9A3A90067BD51 /* SpaceRocketInfoViewController.swift */,
				AA653CDD28B996B40067BD51 /* PageViewController.swift */,
				AA700D2528BB18AC00AAAD1A /* SettingViewController.swift */,
				AA1045F828BB33D700DF5074 /* SettingTableViewCell.swift */,
			);
			path = Controllers;
			sourceTree = "<group>";
		};
/* End PBXGroup section */

/* Begin PBXNativeTarget section */
		AA653CC528B9927E0067BD51 /* SpaceX-info */ = {
			isa = PBXNativeTarget;
			buildConfigurationList = AA653CDA28B992810067BD51 /* Build configuration list for PBXNativeTarget "SpaceX-info" */;
			buildPhases = (
				AA653CC228B9927E0067BD51 /* Sources */,
				AA653CC328B9927E0067BD51 /* Frameworks */,
				AA653CC428B9927E0067BD51 /* Resources */,
			);
			buildRules = (
			);
			dependencies = (
			);
			name = "SpaceX-info";
			productName = "SpaceX-info";
			productReference = AA653CC628B9927E0067BD51 /* SpaceX-info.app */;
			productType = "com.apple.product-type.application";
		};
/* End PBXNativeTarget section */

/* Begin PBXProject section */
		AA653CBE28B9927E0067BD51 /* Project object */ = {
			isa = PBXProject;
			attributes = {
				BuildIndependentTargetsInParallel = 1;
				LastSwiftUpdateCheck = 1340;
				LastUpgradeCheck = 1340;
				TargetAttributes = {
					AA653CC528B9927E0067BD51 = {
						CreatedOnToolsVersion = 13.4.1;
					};
				};
			};
			buildConfigurationList = AA653CC128B9927E0067BD51 /* Build configuration list for PBXProject "SpaceX-info" */;
			compatibilityVersion = "Xcode 13.0";
			developmentRegion = en;
			hasScannedForEncodings = 0;
			knownRegions = (
				en,
				Base,
			);
			mainGroup = AA653CBD28B9927E0067BD51;
			productRefGroup = AA653CC728B9927E0067BD51 /* Products */;
			projectDirPath = "";
			projectRoot = "";
			targets = (
				AA653CC528B9927E0067BD51 /* SpaceX-info */,
			);
		};
/* End PBXProject section */

/* Begin PBXResourcesBuildPhase section */
		AA653CC428B9927E0067BD51 /* Resources */ = {
			isa = PBXResourcesBuildPhase;
			buildActionMask = 2147483647;
			files = (
				AA653CD628B992810067BD51 /* LaunchScreen.storyboard in Resources */,
				AA1045F328BB2BA200DF5074 /* Media.xcassets in Resources */,
				AA1045FB28BB33D700DF5074 /* SettingTableViewCell.xib in Resources */,
				AA653CD128B9927E0067BD51 /* Main.storyboard in Resources */,
			);
			runOnlyForDeploymentPostprocessing = 0;
		};
/* End PBXResourcesBuildPhase section */

/* Begin PBXSourcesBuildPhase section */
		AA653CC228B9927E0067BD51 /* Sources */ = {
			isa = PBXSourcesBuildPhase;
			buildActionMask = 2147483647;
			files = (
				AA7AF9B228BCDEF900C982D5 /* NetworkManagerLaunches.swift in Sources */,
				AA653CE028B9A3A90067BD51 /* SpaceRocketInfoViewController.swift in Sources */,
				AA700D2828BB1ED000AAAD1A /* ScaleOfNotation.swift in Sources */,
				AA7AF9B028BCD99200C982D5 /* Launches.swift in Sources */,
				AA653CCA28B9927E0067BD51 /* AppDelegate.swift in Sources */,
				AA1045FA28BB33D700DF5074 /* SettingTableViewCell.swift in Sources */,
				AA653CE528B9A4F20067BD51 /* NetworkManagerRockets.swift in Sources */,
				AA653CE728B9A8F80067BD51 /* Rockets.swift in Sources */,
				AA653CCC28B9927E0067BD51 /* SceneDelegate.swift in Sources */,
				AA700D2628BB18AC00AAAD1A /* SettingViewController.swift in Sources */,
				AA653CDE28B996B40067BD51 /* PageViewController.swift in Sources */,
			);
			runOnlyForDeploymentPostprocessing = 0;
		};
/* End PBXSourcesBuildPhase section */

/* Begin PBXVariantGroup section */
		AA653CCF28B9927E0067BD51 /* Main.storyboard */ = {
			isa = PBXVariantGroup;
			children = (
				AA653CD028B9927E0067BD51 /* Base */,
			);
			name = Main.storyboard;
			sourceTree = "<group>";
		};
		AA653CD428B992810067BD51 /* LaunchScreen.storyboard */ = {
			isa = PBXVariantGroup;
			children = (
				AA653CD528B992810067BD51 /* Base */,
			);
			name = LaunchScreen.storyboard;
			sourceTree = "<group>";
		};
/* End PBXVariantGroup section */

/* Begin XCBuildConfiguration section */
		AA653CD828B992810067BD51 /* Debug */ = {
			isa = XCBuildConfiguration;
			buildSettings = {
				ALWAYS_SEARCH_USER_PATHS = NO;
				CLANG_ANALYZER_NONNULL = YES;
				CLANG_ANALYZER_NUMBER_OBJECT_CONVERSION = YES_AGGRESSIVE;
				CLANG_CXX_LANGUAGE_STANDARD = "gnu++17";
				CLANG_ENABLE_MODULES = YES;
				CLANG_ENABLE_OBJC_ARC = YES;
				CLANG_ENABLE_OBJC_WEAK = YES;
				CLANG_WARN_BLOCK_CAPTURE_AUTORELEASING = YES;
				CLANG_WARN_BOOL_CONVERSION = YES;
				CLANG_WARN_COMMA = YES;
				CLANG_WARN_CONSTANT_CONVERSION = YES;
				CLANG_WARN_DEPRECATED_OBJC_IMPLEMENTATIONS = YES;
				CLANG_WARN_DIRECT_OBJC_ISA_USAGE = YES_ERROR;
				CLANG_WARN_DOCUMENTATION_COMMENTS = YES;
				CLANG_WARN_EMPTY_BODY = YES;
				CLANG_WARN_ENUM_CONVERSION = YES;
				CLANG_WARN_INFINITE_RECURSION = YES;
				CLANG_WARN_INT_CONVERSION = YES;
				CLANG_WARN_NON_LITERAL_NULL_CONVERSION = YES;
				CLANG_WARN_OBJC_IMPLICIT_RETAIN_SELF = YES;
				CLANG_WARN_OBJC_LITERAL_CONVERSION = YES;
				CLANG_WARN_OBJC_ROOT_CLASS = YES_ERROR;
				CLANG_WARN_QUOTED_INCLUDE_IN_FRAMEWORK_HEADER = YES;
				CLANG_WARN_RANGE_LOOP_ANALYSIS = YES;
				CLANG_WARN_STRICT_PROTOTYPES = YES;
				CLANG_WARN_SUSPICIOUS_MOVE = YES;
				CLANG_WARN_UNGUARDED_AVAILABILITY = YES_AGGRESSIVE;
				CLANG_WARN_UNREACHABLE_CODE = YES;
				CLANG_WARN__DUPLICATE_METHOD_MATCH = YES;
				COPY_PHASE_STRIP = NO;
				DEBUG_INFORMATION_FORMAT = dwarf;
				ENABLE_STRICT_OBJC_MSGSEND = YES;
				ENABLE_TESTABILITY = YES;
				GCC_C_LANGUAGE_STANDARD = gnu11;
				GCC_DYNAMIC_NO_PIC = NO;
				GCC_NO_COMMON_BLOCKS = YES;
				GCC_OPTIMIZATION_LEVEL = 0;
				GCC_PREPROCESSOR_DEFINITIONS = (
					"DEBUG=1",
					"$(inherited)",
				);
				GCC_WARN_64_TO_32_BIT_CONVERSION = YES;
				GCC_WARN_ABOUT_RETURN_TYPE = YES_ERROR;
				GCC_WARN_UNDECLARED_SELECTOR = YES;
				GCC_WARN_UNINITIALIZED_AUTOS = YES_AGGRESSIVE;
				GCC_WARN_UNUSED_FUNCTION = YES;
				GCC_WARN_UNUSED_VARIABLE = YES;
				IPHONEOS_DEPLOYMENT_TARGET = 15.5;
				MTL_ENABLE_DEBUG_INFO = INCLUDE_SOURCE;
				MTL_FAST_MATH = YES;
				ONLY_ACTIVE_ARCH = YES;
				SDKROOT = iphoneos;
				SWIFT_ACTIVE_COMPILATION_CONDITIONS = DEBUG;
				SWIFT_OPTIMIZATION_LEVEL = "-Onone";
			};
			name = Debug;
		};
		AA653CD928B992810067BD51 /* Release */ = {
			isa = XCBuildConfiguration;
			buildSettings = {
				ALWAYS_SEARCH_USER_PATHS = NO;
				CLANG_ANALYZER_NONNULL = YES;
				CLANG_ANALYZER_NUMBER_OBJECT_CONVERSION = YES_AGGRESSIVE;
				CLANG_CXX_LANGUAGE_STANDARD = "gnu++17";
				CLANG_ENABLE_MODULES = YES;
				CLANG_ENABLE_OBJC_ARC = YES;
				CLANG_ENABLE_OBJC_WEAK = YES;
				CLANG_WARN_BLOCK_CAPTURE_AUTORELEASING = YES;
				CLANG_WARN_BOOL_CONVERSION = YES;
				CLANG_WARN_COMMA = YES;
				CLANG_WARN_CONSTANT_CONVERSION = YES;
				CLANG_WARN_DEPRECATED_OBJC_IMPLEMENTATIONS = YES;
				CLANG_WARN_DIRECT_OBJC_ISA_USAGE = YES_ERROR;
				CLANG_WARN_DOCUMENTATION_COMMENTS = YES;
				CLANG_WARN_EMPTY_BODY = YES;
				CLANG_WARN_ENUM_CONVERSION = YES;
				CLANG_WARN_INFINITE_RECURSION = YES;
				CLANG_WARN_INT_CONVERSION = YES;
				CLANG_WARN_NON_LITERAL_NULL_CONVERSION = YES;
				CLANG_WARN_OBJC_IMPLICIT_RETAIN_SELF = YES;
				CLANG_WARN_OBJC_LITERAL_CONVERSION = YES;
				CLANG_WARN_OBJC_ROOT_CLASS = YES_ERROR;
				CLANG_WARN_QUOTED_INCLUDE_IN_FRAMEWORK_HEADER = YES;
				CLANG_WARN_RANGE_LOOP_ANALYSIS = YES;
				CLANG_WARN_STRICT_PROTOTYPES = YES;
				CLANG_WARN_SUSPICIOUS_MOVE = YES;
				CLANG_WARN_UNGUARDED_AVAILABILITY = YES_AGGRESSIVE;
				CLANG_WARN_UNREACHABLE_CODE = YES;
				CLANG_WARN__DUPLICATE_METHOD_MATCH = YES;
				COPY_PHASE_STRIP = NO;
				DEBUG_INFORMATION_FORMAT = "dwarf-with-dsym";
				ENABLE_NS_ASSERTIONS = NO;
				ENABLE_STRICT_OBJC_MSGSEND = YES;
				GCC_C_LANGUAGE_STANDARD = gnu11;
				GCC_NO_COMMON_BLOCKS = YES;
				GCC_WARN_64_TO_32_BIT_CONVERSION = YES;
				GCC_WARN_ABOUT_RETURN_TYPE = YES_ERROR;
				GCC_WARN_UNDECLARED_SELECTOR = YES;
				GCC_WARN_UNINITIALIZED_AUTOS = YES_AGGRESSIVE;
				GCC_WARN_UNUSED_FUNCTION = YES;
				GCC_WARN_UNUSED_VARIABLE = YES;
				IPHONEOS_DEPLOYMENT_TARGET = 15.5;
				MTL_ENABLE_DEBUG_INFO = NO;
				MTL_FAST_MATH = YES;
				SDKROOT = iphoneos;
				SWIFT_COMPILATION_MODE = wholemodule;
				SWIFT_OPTIMIZATION_LEVEL = "-O";
				VALIDATE_PRODUCT = YES;
			};
			name = Release;
		};
		AA653CDB28B992810067BD51 /* Debug */ = {
			isa = XCBuildConfiguration;
			buildSettings = {
				ASSETCATALOG_COMPILER_GLOBAL_ACCENT_COLOR_NAME = AccentColor;
				ASSETCATALOG_COMPILER_INCLUDE_ALL_APPICON_ASSETS = NO;
				CODE_SIGN_STYLE = Automatic;
				CURRENT_PROJECT_VERSION = 1;
				DEVELOPMENT_TEAM = VJ39792262;
				GENERATE_INFOPLIST_FILE = YES;
				INFOPLIST_FILE = "SpaceX-info/Info.plist";
				INFOPLIST_KEY_UIApplicationSupportsIndirectInputEvents = YES;
				INFOPLIST_KEY_UILaunchStoryboardName = LaunchScreen;
				INFOPLIST_KEY_UIMainStoryboardFile = Main;
				INFOPLIST_KEY_UISupportedInterfaceOrientations_iPad = "UIInterfaceOrientationPortrait UIInterfaceOrientationPortraitUpsideDown UIInterfaceOrientationLandscapeLeft UIInterfaceOrientationLandscapeRight";
				INFOPLIST_KEY_UISupportedInterfaceOrientations_iPhone = "UIInterfaceOrientationPortrait UIInterfaceOrientationLandscapeLeft UIInterfaceOrientationLandscapeRight";
				LD_RUNPATH_SEARCH_PATHS = (
					"$(inherited)",
					"@executable_path/Frameworks",
				);
				MARKETING_VERSION = 1.0;
				PRODUCT_BUNDLE_IDENTIFIER = "solovev93aa.SpaceX-info";
				PRODUCT_NAME = "$(TARGET_NAME)";
				SWIFT_EMIT_LOC_STRINGS = YES;
				SWIFT_VERSION = 5.0;
				TARGETED_DEVICE_FAMILY = "1,2";
			};
			name = Debug;
		};
		AA653CDC28B992810067BD51 /* Release */ = {
			isa = XCBuildConfiguration;
			buildSettings = {
				ASSETCATALOG_COMPILER_GLOBAL_ACCENT_COLOR_NAME = AccentColor;
				ASSETCATALOG_COMPILER_INCLUDE_ALL_APPICON_ASSETS = NO;
				CODE_SIGN_STYLE = Automatic;
				CURRENT_PROJECT_VERSION = 1;
				DEVELOPMENT_TEAM = VJ39792262;
				GENERATE_INFOPLIST_FILE = YES;
				INFOPLIST_FILE = "SpaceX-info/Info.plist";
				INFOPLIST_KEY_UIApplicationSupportsIndirectInputEvents = YES;
				INFOPLIST_KEY_UILaunchStoryboardName = LaunchScreen;
				INFOPLIST_KEY_UIMainStoryboardFile = Main;
				INFOPLIST_KEY_UISupportedInterfaceOrientations_iPad = "UIInterfaceOrientationPortrait UIInterfaceOrientationPortraitUpsideDown UIInterfaceOrientationLandscapeLeft UIInterfaceOrientationLandscapeRight";
				INFOPLIST_KEY_UISupportedInterfaceOrientations_iPhone = "UIInterfaceOrientationPortrait UIInterfaceOrientationLandscapeLeft UIInterfaceOrientationLandscapeRight";
				LD_RUNPATH_SEARCH_PATHS = (
					"$(inherited)",
					"@executable_path/Frameworks",
				);
				MARKETING_VERSION = 1.0;
				PRODUCT_BUNDLE_IDENTIFIER = "solovev93aa.SpaceX-info";
				PRODUCT_NAME = "$(TARGET_NAME)";
				SWIFT_EMIT_LOC_STRINGS = YES;
				SWIFT_VERSION = 5.0;
				TARGETED_DEVICE_FAMILY = "1,2";
			};
			name = Release;
		};
/* End XCBuildConfiguration section */

/* Begin XCConfigurationList section */
		AA653CC128B9927E0067BD51 /* Build configuration list for PBXProject "SpaceX-info" */ = {
			isa = XCConfigurationList;
			buildConfigurations = (
				AA653CD828B992810067BD51 /* Debug */,
				AA653CD928B992810067BD51 /* Release */,
			);
			defaultConfigurationIsVisible = 0;
			defaultConfigurationName = Release;
		};
		AA653CDA28B992810067BD51 /* Build configuration list for PBXNativeTarget "SpaceX-info" */ = {
			isa = XCConfigurationList;
			buildConfigurations = (
				AA653CDB28B992810067BD51 /* Debug */,
				AA653CDC28B992810067BD51 /* Release */,
			);
			defaultConfigurationIsVisible = 0;
			defaultConfigurationName = Release;
		};
/* End XCConfigurationList section */
	};
	rootObject = AA653CBE28B9927E0067BD51 /* Project object */;
}
